// !$*UTF8*$!
{
	archiveVersion = 1;
	classes = {
	};
	objectVersion = 46;
	objects = {

/* Begin PBXBuildFile section */
		522661B01C3931250055E771 /* Kunugi.framework in Frameworks */ = {isa = PBXBuildFile; fileRef = 522661AA1C3931160055E771 /* Kunugi.framework */; };
		525595791C4916C8003F4FEF /* URI.framework in Frameworks */ = {isa = PBXBuildFile; fileRef = 525595781C4916C0003F4FEF /* URI.framework */; };
		526C14641C490BC600A1ECC5 /* Inquiline.framework in Frameworks */ = {isa = PBXBuildFile; fileRef = 526C145E1C490BB300A1ECC5 /* Inquiline.framework */; };
		526C148D1C49122100A1ECC5 /* http4swift.framework in Frameworks */ = {isa = PBXBuildFile; fileRef = 526C148C1C49121A00A1ECC5 /* http4swift.framework */; };
		526C148F1C49123500A1ECC5 /* Server.swift in Sources */ = {isa = PBXBuildFile; fileRef = 526C148E1C49123500A1ECC5 /* Server.swift */; };
		527E48E21C44DF4F002C1732 /* TodoController.swift in Sources */ = {isa = PBXBuildFile; fileRef = 527E48E11C44DF4F002C1732 /* TodoController.swift */; };
		528A0E421C393843002AFC9A /* Logger.swift in Sources */ = {isa = PBXBuildFile; fileRef = 528A0E411C393843002AFC9A /* Logger.swift */; };
		528A0E4A1C393898002AFC9A /* App.swift in Sources */ = {isa = PBXBuildFile; fileRef = 528A0E491C393898002AFC9A /* App.swift */; };
		528A0E4C1C3938BB002AFC9A /* Controllers.swift in Sources */ = {isa = PBXBuildFile; fileRef = 528A0E4B1C3938BB002AFC9A /* Controllers.swift */; };
		528A0E4E1C39396A002AFC9A /* BodyParser.swift in Sources */ = {isa = PBXBuildFile; fileRef = 528A0E4D1C39396A002AFC9A /* BodyParser.swift */; };
		528A0E501C393990002AFC9A /* Auth.swift in Sources */ = {isa = PBXBuildFile; fileRef = 528A0E4F1C393990002AFC9A /* Auth.swift */; };
		528A0E541C393A59002AFC9A /* DBModel.swift in Sources */ = {isa = PBXBuildFile; fileRef = 528A0E531C393A59002AFC9A /* DBModel.swift */; };
		529963251C32AFE1007D30D6 /* main.swift in Sources */ = {isa = PBXBuildFile; fileRef = 529963241C32AFE1007D30D6 /* main.swift */; };
		5299635F1C32B1F2007D30D6 /* Constants.swift in Sources */ = {isa = PBXBuildFile; fileRef = 5299635E1C32B1F2007D30D6 /* Constants.swift */; };
		529CCF7F1C3F9CBD00084373 /* MySQL.framework in Frameworks */ = {isa = PBXBuildFile; fileRef = 529CCF7A1C3F9C4A00084373 /* MySQL.framework */; };
		52A69DF21C5B4E8B001DA581 /* JSON.framework in Frameworks */ = {isa = PBXBuildFile; fileRef = 52A69DEB1C5B4E84001DA581 /* JSON.framework */; };
		52B9D52F1C3FBC9B007638AB /* ResponseHeader.swift in Sources */ = {isa = PBXBuildFile; fileRef = 52B9D52E1C3FBC9B007638AB /* ResponseHeader.swift */; };
		52F5F4961C4692D0008D2B3A /* Response.swift in Sources */ = {isa = PBXBuildFile; fileRef = 52F5F4951C4692D0008D2B3A /* Response.swift */; };
		52F5F4B41C47DE04008D2B3A /* MethodOverride.swift in Sources */ = {isa = PBXBuildFile; fileRef = 52F5F4B31C47DE04008D2B3A /* MethodOverride.swift */; };
/* End PBXBuildFile section */

/* Begin PBXContainerItemProxy section */
		522661A91C3931160055E771 /* PBXContainerItemProxy */ = {
			isa = PBXContainerItemProxy;
			containerPortal = 522661A21C3931160055E771 /* Kunugi.xcodeproj */;
			proxyType = 2;
			remoteGlobalIDString = 522661571C392E190055E771;
			remoteInfo = Kunugi;
		};
		522661AB1C3931160055E771 /* PBXContainerItemProxy */ = {
			isa = PBXContainerItemProxy;
			containerPortal = 522661A21C3931160055E771 /* Kunugi.xcodeproj */;
			proxyType = 2;
			remoteGlobalIDString = 522661611C392E190055E771;
			remoteInfo = KunugiTests;
		};
		525595771C4916C0003F4FEF /* PBXContainerItemProxy */ = {
			isa = PBXContainerItemProxy;
			containerPortal = 5255956C1C4916BF003F4FEF /* URI.xcodeproj */;
			proxyType = 2;
			remoteGlobalIDString = 525595581C491627003F4FEF;
			remoteInfo = URI;
		};
		526C145D1C490BB300A1ECC5 /* PBXContainerItemProxy */ = {
			isa = PBXContainerItemProxy;
			containerPortal = 526C14591C490BB300A1ECC5 /* Inquiline.xcodeproj */;
			proxyType = 2;
			remoteGlobalIDString = 526C14471C490B9900A1ECC5;
			remoteInfo = Inquiline;
		};
		526C148B1C49121A00A1ECC5 /* PBXContainerItemProxy */ = {
			isa = PBXContainerItemProxy;
			containerPortal = 526C14871C49121A00A1ECC5 /* http4swift.xcodeproj */;
			proxyType = 2;
			remoteGlobalIDString = 526C146F1C4911F500A1ECC5;
			remoteInfo = http4swift;
		};
		529650B91C490461004B75F4 /* PBXContainerItemProxy */ = {
			isa = PBXContainerItemProxy;
			containerPortal = 529650B51C490461004B75F4 /* Nest.xcodeproj */;
			proxyType = 2;
			remoteGlobalIDString = 529650A81C49043B004B75F4;
			remoteInfo = Nest;
		};
		5299632C1C32AFE1007D30D6 /* PBXContainerItemProxy */ = {
			isa = PBXContainerItemProxy;
			containerPortal = 5299631A1C32AFE1007D30D6 /* Project object */;
			proxyType = 1;
			remoteGlobalIDString = 529963201C32AFE1007D30D6;
			remoteInfo = todoapi;
		};
		529CCF791C3F9C4A00084373 /* PBXContainerItemProxy */ = {
			isa = PBXContainerItemProxy;
			containerPortal = 529CCF741C3F9C4A00084373 /* MySQL.xcodeproj */;
			proxyType = 2;
			remoteGlobalIDString = 529215871BDB8CD6009B031A;
			remoteInfo = MySQL;
		};
		529CCF7B1C3F9C4A00084373 /* PBXContainerItemProxy */ = {
			isa = PBXContainerItemProxy;
			containerPortal = 529CCF741C3F9C4A00084373 /* MySQL.xcodeproj */;
			proxyType = 2;
			remoteGlobalIDString = 529215911BDB8CD6009B031A;
			remoteInfo = MySQLTests;
		};
		52A69DEA1C5B4E84001DA581 /* PBXContainerItemProxy */ = {
			isa = PBXContainerItemProxy;
			containerPortal = 52A69DE41C5B4E84001DA581 /* JSON.xcodeproj */;
			proxyType = 2;
			remoteGlobalIDString = 52A69DCB1C5B4E62001DA581;
			remoteInfo = JSON;
		};
/* End PBXContainerItemProxy section */

/* Begin PBXFileReference section */
		522661A21C3931160055E771 /* Kunugi.xcodeproj */ = {isa = PBXFileReference; lastKnownFileType = "wrapper.pb-project"; name = Kunugi.xcodeproj; path = "../../Kunugi/OSX Projects/Kunugi/Kunugi.xcodeproj"; sourceTree = "<group>"; };
		5255956C1C4916BF003F4FEF /* URI.xcodeproj */ = {isa = PBXFileReference; lastKnownFileType = "wrapper.pb-project"; name = URI.xcodeproj; path = "../OSX Projects/URI/URI.xcodeproj"; sourceTree = "<group>"; };
		526C14591C490BB300A1ECC5 /* Inquiline.xcodeproj */ = {isa = PBXFileReference; lastKnownFileType = "wrapper.pb-project"; name = Inquiline.xcodeproj; path = "../OSX Projects/Inquiline/Inquiline.xcodeproj"; sourceTree = "<group>"; };
		526C14871C49121A00A1ECC5 /* http4swift.xcodeproj */ = {isa = PBXFileReference; lastKnownFileType = "wrapper.pb-project"; name = http4swift.xcodeproj; path = "../OSX Projects/http4swift/http4swift.xcodeproj"; sourceTree = "<group>"; };
		526C148E1C49123500A1ECC5 /* Server.swift */ = {isa = PBXFileReference; fileEncoding = 4; lastKnownFileType = sourcecode.swift; path = Server.swift; sourceTree = "<group>"; };
		527E48E11C44DF4F002C1732 /* TodoController.swift */ = {isa = PBXFileReference; fileEncoding = 4; lastKnownFileType = sourcecode.swift; path = TodoController.swift; sourceTree = "<group>"; };
		528A0E411C393843002AFC9A /* Logger.swift */ = {isa = PBXFileReference; fileEncoding = 4; lastKnownFileType = sourcecode.swift; path = Logger.swift; sourceTree = "<group>"; };
		528A0E491C393898002AFC9A /* App.swift */ = {isa = PBXFileReference; fileEncoding = 4; lastKnownFileType = sourcecode.swift; path = App.swift; sourceTree = "<group>"; };
		528A0E4B1C3938BB002AFC9A /* Controllers.swift */ = {isa = PBXFileReference; fileEncoding = 4; lastKnownFileType = sourcecode.swift; path = Controllers.swift; sourceTree = "<group>"; };
		528A0E4D1C39396A002AFC9A /* BodyParser.swift */ = {isa = PBXFileReference; fileEncoding = 4; lastKnownFileType = sourcecode.swift; path = BodyParser.swift; sourceTree = "<group>"; };
		528A0E4F1C393990002AFC9A /* Auth.swift */ = {isa = PBXFileReference; fileEncoding = 4; lastKnownFileType = sourcecode.swift; path = Auth.swift; sourceTree = "<group>"; };
		528A0E531C393A59002AFC9A /* DBModel.swift */ = {isa = PBXFileReference; fileEncoding = 4; lastKnownFileType = sourcecode.swift; path = DBModel.swift; sourceTree = "<group>"; };
		529650B51C490461004B75F4 /* Nest.xcodeproj */ = {isa = PBXFileReference; lastKnownFileType = "wrapper.pb-project"; name = Nest.xcodeproj; path = "../OSX Projects/Nest/Nest.xcodeproj"; sourceTree = "<group>"; };
		529963211C32AFE1007D30D6 /* todoapi.app */ = {isa = PBXFileReference; explicitFileType = wrapper.application; includeInIndex = 0; path = todoapi.app; sourceTree = BUILT_PRODUCTS_DIR; };
		529963241C32AFE1007D30D6 /* main.swift */ = {isa = PBXFileReference; lastKnownFileType = sourcecode.swift; path = main.swift; sourceTree = "<group>"; };
		529963261C32AFE1007D30D6 /* Info.plist */ = {isa = PBXFileReference; lastKnownFileType = text.plist.xml; path = Info.plist; sourceTree = "<group>"; };
		5299632B1C32AFE1007D30D6 /* todoapiTests.xctest */ = {isa = PBXFileReference; explicitFileType = wrapper.cfbundle; includeInIndex = 0; path = todoapiTests.xctest; sourceTree = BUILT_PRODUCTS_DIR; };
		5299632F1C32AFE1007D30D6 /* Info.plist */ = {isa = PBXFileReference; lastKnownFileType = text.plist.xml; path = Info.plist; sourceTree = "<group>"; };
		5299635E1C32B1F2007D30D6 /* Constants.swift */ = {isa = PBXFileReference; fileEncoding = 4; lastKnownFileType = sourcecode.swift; path = Constants.swift; sourceTree = "<group>"; };
		529CCF741C3F9C4A00084373 /* MySQL.xcodeproj */ = {isa = PBXFileReference; lastKnownFileType = "wrapper.pb-project"; name = MySQL.xcodeproj; path = "../External/MySQL/OSX Projects/MySQL/MySQL.xcodeproj"; sourceTree = "<group>"; };
		52A69DE41C5B4E84001DA581 /* JSON.xcodeproj */ = {isa = PBXFileReference; lastKnownFileType = "wrapper.pb-project"; name = JSON.xcodeproj; path = "../OSX Projects/JSON/JSON.xcodeproj"; sourceTree = "<group>"; };
		52B9D52E1C3FBC9B007638AB /* ResponseHeader.swift */ = {isa = PBXFileReference; fileEncoding = 4; lastKnownFileType = sourcecode.swift; path = ResponseHeader.swift; sourceTree = "<group>"; };
		52F5F4951C4692D0008D2B3A /* Response.swift */ = {isa = PBXFileReference; fileEncoding = 4; lastKnownFileType = sourcecode.swift; path = Response.swift; sourceTree = "<group>"; };
		52F5F4B31C47DE04008D2B3A /* MethodOverride.swift */ = {isa = PBXFileReference; fileEncoding = 4; lastKnownFileType = sourcecode.swift; path = MethodOverride.swift; sourceTree = "<group>"; };
/* End PBXFileReference section */

/* Begin PBXFrameworksBuildPhase section */
		5299631F1C32AFE1007D30D6 /* Frameworks */ = {
			isa = PBXFrameworksBuildPhase;
			buildActionMask = 2147483647;
			files = (
				52A69DF21C5B4E8B001DA581 /* JSON.framework in Frameworks */,
				525595791C4916C8003F4FEF /* URI.framework in Frameworks */,
				526C148D1C49122100A1ECC5 /* http4swift.framework in Frameworks */,
				526C14641C490BC600A1ECC5 /* Inquiline.framework in Frameworks */,
				529CCF7F1C3F9CBD00084373 /* MySQL.framework in Frameworks */,
				522661B01C3931250055E771 /* Kunugi.framework in Frameworks */,
			);
			runOnlyForDeploymentPostprocessing = 0;
		};
		529963281C32AFE1007D30D6 /* Frameworks */ = {
			isa = PBXFrameworksBuildPhase;
			buildActionMask = 2147483647;
			files = (
			);
			runOnlyForDeploymentPostprocessing = 0;
		};
/* End PBXFrameworksBuildPhase section */

/* Begin PBXGroup section */
		522661A31C3931160055E771 /* Products */ = {
			isa = PBXGroup;
			children = (
				522661AA1C3931160055E771 /* Kunugi.framework */,
				522661AC1C3931160055E771 /* KunugiTests.xctest */,
			);
			name = Products;
			sourceTree = "<group>";
		};
		5255956D1C4916BF003F4FEF /* Products */ = {
			isa = PBXGroup;
			children = (
				525595781C4916C0003F4FEF /* URI.framework */,
			);
			name = Products;
			sourceTree = "<group>";
		};
		526C145A1C490BB300A1ECC5 /* Products */ = {
			isa = PBXGroup;
			children = (
				526C145E1C490BB300A1ECC5 /* Inquiline.framework */,
			);
			name = Products;
			sourceTree = "<group>";
		};
		526C14881C49121A00A1ECC5 /* Products */ = {
			isa = PBXGroup;
			children = (
				526C148C1C49121A00A1ECC5 /* http4swift.framework */,
			);
			name = Products;
			sourceTree = "<group>";
		};
		529650B61C490461004B75F4 /* Products */ = {
			isa = PBXGroup;
			children = (
				529650BA1C490461004B75F4 /* Nest.framework */,
			);
			name = Products;
			sourceTree = "<group>";
		};
		529963191C32AFE1007D30D6 = {
			isa = PBXGroup;
			children = (
				529963381C32B088007D30D6 /* External */,
				529963231C32AFE1007D30D6 /* todoapi */,
				5299632E1C32AFE1007D30D6 /* todoapiTests */,
				529963221C32AFE1007D30D6 /* Products */,
			);
			sourceTree = "<group>";
		};
		529963221C32AFE1007D30D6 /* Products */ = {
			isa = PBXGroup;
			children = (
				529963211C32AFE1007D30D6 /* todoapi.app */,
				5299632B1C32AFE1007D30D6 /* todoapiTests.xctest */,
			);
			name = Products;
			sourceTree = "<group>";
		};
		529963231C32AFE1007D30D6 /* todoapi */ = {
			isa = PBXGroup;
			children = (
				528A0E531C393A59002AFC9A /* DBModel.swift */,
				528A0E491C393898002AFC9A /* App.swift */,
				528A0E4F1C393990002AFC9A /* Auth.swift */,
				528A0E411C393843002AFC9A /* Logger.swift */,
				52B9D52E1C3FBC9B007638AB /* ResponseHeader.swift */,
				528A0E4D1C39396A002AFC9A /* BodyParser.swift */,
				52F5F4B31C47DE04008D2B3A /* MethodOverride.swift */,
				5299635E1C32B1F2007D30D6 /* Constants.swift */,
				528A0E4B1C3938BB002AFC9A /* Controllers.swift */,
				52F5F4951C4692D0008D2B3A /* Response.swift */,
				526C148E1C49123500A1ECC5 /* Server.swift */,
				527E48E11C44DF4F002C1732 /* TodoController.swift */,
				529963241C32AFE1007D30D6 /* main.swift */,
				529963261C32AFE1007D30D6 /* Info.plist */,
			);
			path = todoapi;
			sourceTree = "<group>";
		};
		5299632E1C32AFE1007D30D6 /* todoapiTests */ = {
			isa = PBXGroup;
			children = (
				5299632F1C32AFE1007D30D6 /* Info.plist */,
			);
			path = todoapiTests;
			sourceTree = "<group>";
		};
		529963381C32B088007D30D6 /* External */ = {
			isa = PBXGroup;
			children = (
				52A69DE41C5B4E84001DA581 /* JSON.xcodeproj */,
				5255956C1C4916BF003F4FEF /* URI.xcodeproj */,
				526C14871C49121A00A1ECC5 /* http4swift.xcodeproj */,
				526C14591C490BB300A1ECC5 /* Inquiline.xcodeproj */,
				529650B51C490461004B75F4 /* Nest.xcodeproj */,
				529CCF741C3F9C4A00084373 /* MySQL.xcodeproj */,
				522661A21C3931160055E771 /* Kunugi.xcodeproj */,
			);
			name = External;
			sourceTree = "<group>";
		};
		529CCF751C3F9C4A00084373 /* Products */ = {
			isa = PBXGroup;
			children = (
				529CCF7A1C3F9C4A00084373 /* MySQL.framework */,
				529CCF7C1C3F9C4A00084373 /* MySQLTests.xctest */,
			);
			name = Products;
			sourceTree = "<group>";
		};
		52A69DE51C5B4E84001DA581 /* Products */ = {
			isa = PBXGroup;
			children = (
				52A69DEB1C5B4E84001DA581 /* JSON.framework */,
			);
			name = Products;
			sourceTree = "<group>";
		};
/* End PBXGroup section */

/* Begin PBXNativeTarget section */
		529963201C32AFE1007D30D6 /* todoapi */ = {
			isa = PBXNativeTarget;
			buildConfigurationList = 529963321C32AFE1007D30D6 /* Build configuration list for PBXNativeTarget "todoapi" */;
			buildPhases = (
				5299631E1C32AFE1007D30D6 /* Sources */,
				5299631F1C32AFE1007D30D6 /* Frameworks */,
			);
			buildRules = (
			);
			dependencies = (
			);
			name = todoapi;
			productName = todoapi;
			productReference = 529963211C32AFE1007D30D6 /* todoapi.app */;
			productType = "com.apple.product-type.application";
		};
		5299632A1C32AFE1007D30D6 /* todoapiTests */ = {
			isa = PBXNativeTarget;
			buildConfigurationList = 529963351C32AFE1007D30D6 /* Build configuration list for PBXNativeTarget "todoapiTests" */;
			buildPhases = (
				529963271C32AFE1007D30D6 /* Sources */,
				529963281C32AFE1007D30D6 /* Frameworks */,
				529963291C32AFE1007D30D6 /* Resources */,
			);
			buildRules = (
			);
			dependencies = (
				5299632D1C32AFE1007D30D6 /* PBXTargetDependency */,
			);
			name = todoapiTests;
			productName = todoapiTests;
			productReference = 5299632B1C32AFE1007D30D6 /* todoapiTests.xctest */;
			productType = "com.apple.product-type.bundle.unit-test";
		};
/* End PBXNativeTarget section */

/* Begin PBXProject section */
		5299631A1C32AFE1007D30D6 /* Project object */ = {
			isa = PBXProject;
			attributes = {
				LastSwiftUpdateCheck = 0720;
				LastUpgradeCheck = 0720;
				ORGANIZATIONNAME = "Yusuke Ito";
				TargetAttributes = {
					529963201C32AFE1007D30D6 = {
						CreatedOnToolsVersion = 7.2;
					};
					5299632A1C32AFE1007D30D6 = {
						CreatedOnToolsVersion = 7.2;
						TestTargetID = 529963201C32AFE1007D30D6;
					};
				};
			};
			buildConfigurationList = 5299631D1C32AFE1007D30D6 /* Build configuration list for PBXProject "todoapi" */;
			compatibilityVersion = "Xcode 3.2";
			developmentRegion = English;
			hasScannedForEncodings = 0;
			knownRegions = (
				en,
			);
			mainGroup = 529963191C32AFE1007D30D6;
			productRefGroup = 529963221C32AFE1007D30D6 /* Products */;
			projectDirPath = "";
			projectReferences = (
				{
					ProductGroup = 526C14881C49121A00A1ECC5 /* Products */;
					ProjectRef = 526C14871C49121A00A1ECC5 /* http4swift.xcodeproj */;
				},
				{
					ProductGroup = 526C145A1C490BB300A1ECC5 /* Products */;
					ProjectRef = 526C14591C490BB300A1ECC5 /* Inquiline.xcodeproj */;
				},
				{
					ProductGroup = 52A69DE51C5B4E84001DA581 /* Products */;
					ProjectRef = 52A69DE41C5B4E84001DA581 /* JSON.xcodeproj */;
				},
				{
					ProductGroup = 522661A31C3931160055E771 /* Products */;
					ProjectRef = 522661A21C3931160055E771 /* Kunugi.xcodeproj */;
				},
				{
					ProductGroup = 529CCF751C3F9C4A00084373 /* Products */;
					ProjectRef = 529CCF741C3F9C4A00084373 /* MySQL.xcodeproj */;
				},
				{
					ProductGroup = 529650B61C490461004B75F4 /* Products */;
					ProjectRef = 529650B51C490461004B75F4 /* Nest.xcodeproj */;
				},
				{
					ProductGroup = 5255956D1C4916BF003F4FEF /* Products */;
					ProjectRef = 5255956C1C4916BF003F4FEF /* URI.xcodeproj */;
				},
			);
			projectRoot = "";
			targets = (
				529963201C32AFE1007D30D6 /* todoapi */,
				5299632A1C32AFE1007D30D6 /* todoapiTests */,
			);
		};
/* End PBXProject section */

/* Begin PBXReferenceProxy section */
		522661AA1C3931160055E771 /* Kunugi.framework */ = {
			isa = PBXReferenceProxy;
			fileType = wrapper.framework;
			path = Kunugi.framework;
			remoteRef = 522661A91C3931160055E771 /* PBXContainerItemProxy */;
			sourceTree = BUILT_PRODUCTS_DIR;
		};
		522661AC1C3931160055E771 /* KunugiTests.xctest */ = {
			isa = PBXReferenceProxy;
			fileType = wrapper.cfbundle;
			path = KunugiTests.xctest;
			remoteRef = 522661AB1C3931160055E771 /* PBXContainerItemProxy */;
			sourceTree = BUILT_PRODUCTS_DIR;
		};
		525595781C4916C0003F4FEF /* URI.framework */ = {
			isa = PBXReferenceProxy;
			fileType = wrapper.framework;
			path = URI.framework;
			remoteRef = 525595771C4916C0003F4FEF /* PBXContainerItemProxy */;
			sourceTree = BUILT_PRODUCTS_DIR;
		};
		526C145E1C490BB300A1ECC5 /* Inquiline.framework */ = {
			isa = PBXReferenceProxy;
			fileType = wrapper.framework;
			path = Inquiline.framework;
			remoteRef = 526C145D1C490BB300A1ECC5 /* PBXContainerItemProxy */;
			sourceTree = BUILT_PRODUCTS_DIR;
		};
		526C148C1C49121A00A1ECC5 /* http4swift.framework */ = {
			isa = PBXReferenceProxy;
			fileType = wrapper.framework;
			path = http4swift.framework;
			remoteRef = 526C148B1C49121A00A1ECC5 /* PBXContainerItemProxy */;
			sourceTree = BUILT_PRODUCTS_DIR;
		};
		529650BA1C490461004B75F4 /* Nest.framework */ = {
			isa = PBXReferenceProxy;
			fileType = wrapper.framework;
			path = Nest.framework;
			remoteRef = 529650B91C490461004B75F4 /* PBXContainerItemProxy */;
			sourceTree = BUILT_PRODUCTS_DIR;
		};
		529CCF7A1C3F9C4A00084373 /* MySQL.framework */ = {
			isa = PBXReferenceProxy;
			fileType = wrapper.framework;
			path = MySQL.framework;
			remoteRef = 529CCF791C3F9C4A00084373 /* PBXContainerItemProxy */;
			sourceTree = BUILT_PRODUCTS_DIR;
		};
		529CCF7C1C3F9C4A00084373 /* MySQLTests.xctest */ = {
			isa = PBXReferenceProxy;
			fileType = wrapper.cfbundle;
			path = MySQLTests.xctest;
			remoteRef = 529CCF7B1C3F9C4A00084373 /* PBXContainerItemProxy */;
			sourceTree = BUILT_PRODUCTS_DIR;
		};
		52A69DEB1C5B4E84001DA581 /* JSON.framework */ = {
			isa = PBXReferenceProxy;
			fileType = wrapper.framework;
			path = JSON.framework;
			remoteRef = 52A69DEA1C5B4E84001DA581 /* PBXContainerItemProxy */;
			sourceTree = BUILT_PRODUCTS_DIR;
		};
/* End PBXReferenceProxy section */

/* Begin PBXResourcesBuildPhase section */
		529963291C32AFE1007D30D6 /* Resources */ = {
			isa = PBXResourcesBuildPhase;
			buildActionMask = 2147483647;
			files = (
			);
			runOnlyForDeploymentPostprocessing = 0;
		};
/* End PBXResourcesBuildPhase section */

/* Begin PBXSourcesBuildPhase section */
		5299631E1C32AFE1007D30D6 /* Sources */ = {
			isa = PBXSourcesBuildPhase;
			buildActionMask = 2147483647;
			files = (
				52F5F4B41C47DE04008D2B3A /* MethodOverride.swift in Sources */,
				529963251C32AFE1007D30D6 /* main.swift in Sources */,
				528A0E4C1C3938BB002AFC9A /* Controllers.swift in Sources */,
				528A0E4A1C393898002AFC9A /* App.swift in Sources */,
				528A0E421C393843002AFC9A /* Logger.swift in Sources */,
				528A0E501C393990002AFC9A /* Auth.swift in Sources */,
				528A0E4E1C39396A002AFC9A /* BodyParser.swift in Sources */,
				5299635F1C32B1F2007D30D6 /* Constants.swift in Sources */,
				52F5F4961C4692D0008D2B3A /* Response.swift in Sources */,
				52B9D52F1C3FBC9B007638AB /* ResponseHeader.swift in Sources */,
				526C148F1C49123500A1ECC5 /* Server.swift in Sources */,
				528A0E541C393A59002AFC9A /* DBModel.swift in Sources */,
				527E48E21C44DF4F002C1732 /* TodoController.swift in Sources */,
			);
			runOnlyForDeploymentPostprocessing = 0;
		};
		529963271C32AFE1007D30D6 /* Sources */ = {
			isa = PBXSourcesBuildPhase;
			buildActionMask = 2147483647;
			files = (
			);
			runOnlyForDeploymentPostprocessing = 0;
		};
/* End PBXSourcesBuildPhase section */

/* Begin PBXTargetDependency section */
		5299632D1C32AFE1007D30D6 /* PBXTargetDependency */ = {
			isa = PBXTargetDependency;
			target = 529963201C32AFE1007D30D6 /* todoapi */;
			targetProxy = 5299632C1C32AFE1007D30D6 /* PBXContainerItemProxy */;
		};
/* End PBXTargetDependency section */

/* Begin XCBuildConfiguration section */
		529963301C32AFE1007D30D6 /* Debug */ = {
			isa = XCBuildConfiguration;
			buildSettings = {
				ALWAYS_SEARCH_USER_PATHS = NO;
				CLANG_CXX_LANGUAGE_STANDARD = "gnu++0x";
				CLANG_CXX_LIBRARY = "libc++";
				CLANG_ENABLE_MODULES = YES;
				CLANG_ENABLE_OBJC_ARC = YES;
				CLANG_WARN_BOOL_CONVERSION = YES;
				CLANG_WARN_CONSTANT_CONVERSION = YES;
				CLANG_WARN_DIRECT_OBJC_ISA_USAGE = YES_ERROR;
				CLANG_WARN_EMPTY_BODY = YES;
				CLANG_WARN_ENUM_CONVERSION = YES;
				CLANG_WARN_INT_CONVERSION = YES;
				CLANG_WARN_OBJC_ROOT_CLASS = YES_ERROR;
				CLANG_WARN_UNREACHABLE_CODE = YES;
				CLANG_WARN__DUPLICATE_METHOD_MATCH = YES;
				CODE_SIGN_IDENTITY = "-";
				COPY_PHASE_STRIP = NO;
				DEBUG_INFORMATION_FORMAT = dwarf;
				ENABLE_STRICT_OBJC_MSGSEND = YES;
				ENABLE_TESTABILITY = YES;
				GCC_C_LANGUAGE_STANDARD = gnu99;
				GCC_DYNAMIC_NO_PIC = NO;
				GCC_NO_COMMON_BLOCKS = YES;
				GCC_OPTIMIZATION_LEVEL = 0;
				GCC_PREPROCESSOR_DEFINITIONS = (
					"DEBUG=1",
					"$(inherited)",
				);
				GCC_WARN_64_TO_32_BIT_CONVERSION = YES;
				GCC_WARN_ABOUT_RETURN_TYPE = YES_ERROR;
				GCC_WARN_UNDECLARED_SELECTOR = YES;
				GCC_WARN_UNINITIALIZED_AUTOS = YES_AGGRESSIVE;
				GCC_WARN_UNUSED_FUNCTION = YES;
				GCC_WARN_UNUSED_VARIABLE = YES;
				MACOSX_DEPLOYMENT_TARGET = 10.11;
				MTL_ENABLE_DEBUG_INFO = YES;
				ONLY_ACTIVE_ARCH = YES;
				SDKROOT = macosx;
			};
			name = Debug;
		};
		529963311C32AFE1007D30D6 /* Release */ = {
			isa = XCBuildConfiguration;
			buildSettings = {
				ALWAYS_SEARCH_USER_PATHS = NO;
				CLANG_CXX_LANGUAGE_STANDARD = "gnu++0x";
				CLANG_CXX_LIBRARY = "libc++";
				CLANG_ENABLE_MODULES = YES;
				CLANG_ENABLE_OBJC_ARC = YES;
				CLANG_WARN_BOOL_CONVERSION = YES;
				CLANG_WARN_CONSTANT_CONVERSION = YES;
				CLANG_WARN_DIRECT_OBJC_ISA_USAGE = YES_ERROR;
				CLANG_WARN_EMPTY_BODY = YES;
				CLANG_WARN_ENUM_CONVERSION = YES;
				CLANG_WARN_INT_CONVERSION = YES;
				CLANG_WARN_OBJC_ROOT_CLASS = YES_ERROR;
				CLANG_WARN_UNREACHABLE_CODE = YES;
				CLANG_WARN__DUPLICATE_METHOD_MATCH = YES;
				CODE_SIGN_IDENTITY = "-";
				COPY_PHASE_STRIP = NO;
				DEBUG_INFORMATION_FORMAT = "dwarf-with-dsym";
				ENABLE_NS_ASSERTIONS = NO;
				ENABLE_STRICT_OBJC_MSGSEND = YES;
				GCC_C_LANGUAGE_STANDARD = gnu99;
				GCC_NO_COMMON_BLOCKS = YES;
				GCC_WARN_64_TO_32_BIT_CONVERSION = YES;
				GCC_WARN_ABOUT_RETURN_TYPE = YES_ERROR;
				GCC_WARN_UNDECLARED_SELECTOR = YES;
				GCC_WARN_UNINITIALIZED_AUTOS = YES_AGGRESSIVE;
				GCC_WARN_UNUSED_FUNCTION = YES;
				GCC_WARN_UNUSED_VARIABLE = YES;
				MACOSX_DEPLOYMENT_TARGET = 10.11;
				MTL_ENABLE_DEBUG_INFO = NO;
				SDKROOT = macosx;
			};
			name = Release;
		};
		529963331C32AFE1007D30D6 /* Debug */ = {
			isa = XCBuildConfiguration;
			buildSettings = {
				INFOPLIST_FILE = todoapi/Info.plist;
				LD_RUNPATH_SEARCH_PATHS = "$(inherited) @executable_path/Frameworks @executable_path/../Frameworks";
				LIBRARY_SEARCH_PATHS = /usr/local/lib;
				PRODUCT_BUNDLE_IDENTIFIER = jp.novi.todoapi;
				PRODUCT_NAME = "$(TARGET_NAME)";
			};
			name = Debug;
		};
		529963341C32AFE1007D30D6 /* Release */ = {
			isa = XCBuildConfiguration;
			buildSettings = {
				GCC_OPTIMIZATION_LEVEL = 3;
				INFOPLIST_FILE = todoapi/Info.plist;
				LD_RUNPATH_SEARCH_PATHS = "$(inherited) @executable_path/Frameworks @executable_path/../Frameworks";
				LIBRARY_SEARCH_PATHS = /usr/local/lib;
				PRODUCT_BUNDLE_IDENTIFIER = jp.novi.todoapi;
				PRODUCT_NAME = "$(TARGET_NAME)";
			};
			name = Release;
		};
		529963361C32AFE1007D30D6 /* Debug */ = {
			isa = XCBuildConfiguration;
			buildSettings = {
				BUNDLE_LOADER = "$(TEST_HOST)";
				COMBINE_HIDPI_IMAGES = YES;
				INFOPLIST_FILE = todoapiTests/Info.plist;
				LD_RUNPATH_SEARCH_PATHS = "$(inherited) @executable_path/../Frameworks @loader_path/../Frameworks";
				PRODUCT_BUNDLE_IDENTIFIER = jp.novi.todoapiTests;
				PRODUCT_NAME = "$(TARGET_NAME)";
				TEST_HOST = "$(BUILT_PRODUCTS_DIR)/todoapi.app/Contents/MacOS/todoapi";
			};
			name = Debug;
		};
		529963371C32AFE1007D30D6 /* Release */ = {
			isa = XCBuildConfiguration;
			buildSettings = {
				BUNDLE_LOADER = "$(TEST_HOST)";
				COMBINE_HIDPI_IMAGES = YES;
				INFOPLIST_FILE = todoapiTests/Info.plist;
				LD_RUNPATH_SEARCH_PATHS = "$(inherited) @executable_path/../Frameworks @loader_path/../Frameworks";
				PRODUCT_BUNDLE_IDENTIFIER = jp.novi.todoapiTests;
				PRODUCT_NAME = "$(TARGET_NAME)";
				TEST_HOST = "$(BUILT_PRODUCTS_DIR)/todoapi.app/Contents/MacOS/todoapi";
			};
			name = Release;
		};
/* End XCBuildConfiguration section */

/* Begin XCConfigurationList section */
		5299631D1C32AFE1007D30D6 /* Build configuration list for PBXProject "todoapi" */ = {
			isa = XCConfigurationList;
			buildConfigurations = (
				529963301C32AFE1007D30D6 /* Debug */,
				529963311C32AFE1007D30D6 /* Release */,
			);
			defaultConfigurationIsVisible = 0;
			defaultConfigurationName = Release;
		};
		529963321C32AFE1007D30D6 /* Build configuration list for PBXNativeTarget "todoapi" */ = {
			isa = XCConfigurationList;
			buildConfigurations = (
				529963331C32AFE1007D30D6 /* Debug */,
				529963341C32AFE1007D30D6 /* Release */,
			);
			defaultConfigurationIsVisible = 0;
			defaultConfigurationName = Release;
		};
		529963351C32AFE1007D30D6 /* Build configuration list for PBXNativeTarget "todoapiTests" */ = {
			isa = XCConfigurationList;
			buildConfigurations = (
				529963361C32AFE1007D30D6 /* Debug */,
				529963371C32AFE1007D30D6 /* Release */,
			);
			defaultConfigurationIsVisible = 0;
			defaultConfigurationName = Release;
		};
/* End XCConfigurationList section */
	};
	rootObject = 5299631A1C32AFE1007D30D6 /* Project object */;
}
